
Microsoft Visual Studio Solution File, Format Version 12.00
# Visual Studio Version 17
VisualStudioVersion = 17.0.31903.59
MinimumVisualStudioVersion = 10.0.40219.1
Project("{FAE04EC0-301F-11D3-BF4B-00C04F79EFBC}") = "BN.WorkflowDoc.Core", "src\BN.WorkflowDoc.Core\BN.WorkflowDoc.Core.csproj", "{D0AB539A-1734-4B2A-A8F0-A22C62983A5F}"
EndProject
Project("{FAE04EC0-301F-11D3-BF4B-00C04F79EFBC}") = "BN.WorkflowDoc.Core.Tests", "tests\BN.WorkflowDoc.Core.Tests\BN.WorkflowDoc.Core.Tests.csproj", "{7F4E7DF1-20F6-4EA9-90D4-D5A06A08F0F0}"
EndProject
Project("{2150E333-8FDC-42A3-9474-1A3956D46DE8}") = "src", "src", "{827E0CD3-B72D-47B6-A68D-7590B98EB39B}"
EndProject
Project("{FAE04EC0-301F-11D3-BF4B-00C04F79EFBC}") = "BN.WorkflowDoc.Cli", "src\BN.WorkflowDoc.Cli\BN.WorkflowDoc.Cli.csproj", "{5D7C37D0-36A2-4021-A516-1739A43DC549}"
EndProject
Project("{FAE04EC0-301F-11D3-BF4B-00C04F79EFBC}") = "BN.WorkflowDoc.Wpf", "src\BN.WorkflowDoc.Wpf\BN.WorkflowDoc.Wpf.csproj", "{8C808DDD-41A4-403F-9EAE-2143E5EC88D4}"
EndProject
Project("{2150E333-8FDC-42A3-9474-1A3956D46DE8}") = "tests", "tests", "{0AB3BF05-4346-4AA6-1389-037BE0695223}"
EndProject
Project("{FAE04EC0-301F-11D3-BF4B-00C04F79EFBC}") = "BN.WorkflowDoc.Wpf.Tests", "tests\BN.WorkflowDoc.Wpf.Tests\BN.WorkflowDoc.Wpf.Tests.csproj", "{137DA9BD-61A7-4B3C-B716-44DCE6C047C6}"
EndProject
Global
	GlobalSection(SolutionConfigurationPlatforms) = preSolution
		Debug|Any CPU = Debug|Any CPU
		Debug|x64 = Debug|x64
		Debug|x86 = Debug|x86
		Release|Any CPU = Release|Any CPU
		Release|x64 = Release|x64
		Release|x86 = Release|x86
	EndGlobalSection
	GlobalSection(ProjectConfigurationPlatforms) = postSolution
		{D0AB539A-1734-4B2A-A8F0-A22C62983A5F}.Debug|Any CPU.ActiveCfg = Debug|Any CPU
		{D0AB539A-1734-4B2A-A8F0-A22C62983A5F}.Debug|Any CPU.Build.0 = Debug|Any CPU
		{D0AB539A-1734-4B2A-A8F0-A22C62983A5F}.Debug|x64.ActiveCfg = Debug|Any CPU
		{D0AB539A-1734-4B2A-A8F0-A22C62983A5F}.Debug|x64.Build.0 = Debug|Any CPU
		{D0AB539A-1734-4B2A-A8F0-A22C62983A5F}.Debug|x86.ActiveCfg = Debug|Any CPU
		{D0AB539A-1734-4B2A-A8F0-A22C62983A5F}.Debug|x86.Build.0 = Debug|Any CPU
		{D0AB539A-1734-4B2A-A8F0-A22C62983A5F}.Release|Any CPU.ActiveCfg = Release|Any CPU
		{D0AB539A-1734-4B2A-A8F0-A22C62983A5F}.Release|Any CPU.Build.0 = Release|Any CPU
		{D0AB539A-1734-4B2A-A8F0-A22C62983A5F}.Release|x64.ActiveCfg = Release|Any CPU
		{D0AB539A-1734-4B2A-A8F0-A22C62983A5F}.Release|x64.Build.0 = Release|Any CPU
		{D0AB539A-1734-4B2A-A8F0-A22C62983A5F}.Release|x86.ActiveCfg = Release|Any CPU
		{D0AB539A-1734-4B2A-A8F0-A22C62983A5F}.Release|x86.Build.0 = Release|Any CPU
		{7F4E7DF1-20F6-4EA9-90D4-D5A06A08F0F0}.Debug|Any CPU.ActiveCfg = Debug|Any CPU
		{7F4E7DF1-20F6-4EA9-90D4-D5A06A08F0F0}.Debug|Any CPU.Build.0 = Debug|Any CPU
		{7F4E7DF1-20F6-4EA9-90D4-D5A06A08F0F0}.Debug|x64.ActiveCfg = Debug|Any CPU
		{7F4E7DF1-20F6-4EA9-90D4-D5A06A08F0F0}.Debug|x64.Build.0 = Debug|Any CPU
		{7F4E7DF1-20F6-4EA9-90D4-D5A06A08F0F0}.Debug|x86.ActiveCfg = Debug|Any CPU
		{7F4E7DF1-20F6-4EA9-90D4-D5A06A08F0F0}.Debug|x86.Build.0 = Debug|Any CPU
		{7F4E7DF1-20F6-4EA9-90D4-D5A06A08F0F0}.Release|Any CPU.ActiveCfg = Release|Any CPU
		{7F4E7DF1-20F6-4EA9-90D4-D5A06A08F0F0}.Release|Any CPU.Build.0 = Release|Any CPU
		{7F4E7DF1-20F6-4EA9-90D4-D5A06A08F0F0}.Release|x64.ActiveCfg = Release|Any CPU
		{7F4E7DF1-20F6-4EA9-90D4-D5A06A08F0F0}.Release|x64.Build.0 = Release|Any CPU
		{7F4E7DF1-20F6-4EA9-90D4-D5A06A08F0F0}.Release|x86.ActiveCfg = Release|Any CPU
		{7F4E7DF1-20F6-4EA9-90D4-D5A06A08F0F0}.Release|x86.Build.0 = Release|Any CPU
		{5D7C37D0-36A2-4021-A516-1739A43DC549}.Debug|Any CPU.ActiveCfg = Debug|Any CPU
		{5D7C37D0-36A2-4021-A516-1739A43DC549}.Debug|Any CPU.Build.0 = Debug|Any CPU
		{5D7C37D0-36A2-4021-A516-1739A43DC549}.Debug|x64.ActiveCfg = Debug|Any CPU
		{5D7C37D0-36A2-4021-A516-1739A43DC549}.Debug|x64.Build.0 = Debug|Any CPU
		{5D7C37D0-36A2-4021-A516-1739A43DC549}.Debug|x86.ActiveCfg = Debug|Any CPU
		{5D7C37D0-36A2-4021-A516-1739A43DC549}.Debug|x86.Build.0 = Debug|Any CPU
		{5D7C37D0-36A2-4021-A516-1739A43DC549}.Release|Any CPU.ActiveCfg = Release|Any CPU
		{5D7C37D0-36A2-4021-A516-1739A43DC549}.Release|Any CPU.Build.0 = Release|Any CPU
		{5D7C37D0-36A2-4021-A516-1739A43DC549}.Release|x64.ActiveCfg = Release|Any CPU
		{5D7C37D0-36A2-4021-A516-1739A43DC549}.Release|x64.Build.0 = Release|Any CPU
		{5D7C37D0-36A2-4021-A516-1739A43DC549}.Release|x86.ActiveCfg = Release|Any CPU
		{5D7C37D0-36A2-4021-A516-1739A43DC549}.Release|x86.Build.0 = Release|Any CPU
		{8C808DDD-41A4-403F-9EAE-2143E5EC88D4}.Debug|Any CPU.ActiveCfg = Debug|Any CPU
		{8C808DDD-41A4-403F-9EAE-2143E5EC88D4}.Debug|Any CPU.Build.0 = Debug|Any CPU
		{8C808DDD-41A4-403F-9EAE-2143E5EC88D4}.Debug|x64.ActiveCfg = Debug|Any CPU
		{8C808DDD-41A4-403F-9EAE-2143E5EC88D4}.Debug|x64.Build.0 = Debug|Any CPU
		{8C808DDD-41A4-403F-9EAE-2143E5EC88D4}.Debug|x86.ActiveCfg = Debug|Any CPU
		{8C808DDD-41A4-403F-9EAE-2143E5EC88D4}.Debug|x86.Build.0 = Debug|Any CPU
		{8C808DDD-41A4-403F-9EAE-2143E5EC88D4}.Release|Any CPU.ActiveCfg = Release|Any CPU
		{8C808DDD-41A4-403F-9EAE-2143E5EC88D4}.Release|Any CPU.Build.0 = Release|Any CPU
		{8C808DDD-41A4-403F-9EAE-2143E5EC88D4}.Release|x64.ActiveCfg = Release|Any CPU
		{8C808DDD-41A4-403F-9EAE-2143E5EC88D4}.Release|x64.Build.0 = Release|Any CPU
		{8C808DDD-41A4-403F-9EAE-2143E5EC88D4}.Release|x86.ActiveCfg = Release|Any CPU
		{8C808DDD-41A4-403F-9EAE-2143E5EC88D4}.Release|x86.Build.0 = Release|Any CPU
		{137DA9BD-61A7-4B3C-B716-44DCE6C047C6}.Debug|Any CPU.ActiveCfg = Debug|Any CPU
		{137DA9BD-61A7-4B3C-B716-44DCE6C047C6}.Debug|Any CPU.Build.0 = Debug|Any CPU
		{137DA9BD-61A7-4B3C-B716-44DCE6C047C6}.Debug|x64.ActiveCfg = Debug|Any CPU
		{137DA9BD-61A7-4B3C-B716-44DCE6C047C6}.Debug|x64.Build.0 = Debug|Any CPU
		{137DA9BD-61A7-4B3C-B716-44DCE6C047C6}.Debug|x86.ActiveCfg = Debug|Any CPU
		{137DA9BD-61A7-4B3C-B716-44DCE6C047C6}.Debug|x86.Build.0 = Debug|Any CPU
		{137DA9BD-61A7-4B3C-B716-44DCE6C047C6}.Release|Any CPU.ActiveCfg = Release|Any CPU
		{137DA9BD-61A7-4B3C-B716-44DCE6C047C6}.Release|Any CPU.Build.0 = Release|Any CPU
		{137DA9BD-61A7-4B3C-B716-44DCE6C047C6}.Release|x64.ActiveCfg = Release|Any CPU
		{137DA9BD-61A7-4B3C-B716-44DCE6C047C6}.Release|x64.Build.0 = Release|Any CPU
		{137DA9BD-61A7-4B3C-B716-44DCE6C047C6}.Release|x86.ActiveCfg = Release|Any CPU
		{137DA9BD-61A7-4B3C-B716-44DCE6C047C6}.Release|x86.Build.0 = Release|Any CPU
	EndGlobalSection
	GlobalSection(SolutionProperties) = preSolution
		HideSolutionNode = FALSE
	EndGlobalSection
	GlobalSection(NestedProjects) = preSolution
		{5D7C37D0-36A2-4021-A516-1739A43DC549} = {827E0CD3-B72D-47B6-A68D-7590B98EB39B}
		{8C808DDD-41A4-403F-9EAE-2143E5EC88D4} = {827E0CD3-B72D-47B6-A68D-7590B98EB39B}
		{137DA9BD-61A7-4B3C-B716-44DCE6C047C6} = {0AB3BF05-4346-4AA6-1389-037BE0695223}
	EndGlobalSection
EndGlobal
